
Microsoft Visual Studio Solution File, Format Version 12.00
# Visual Studio Version 17
VisualStudioVersion = 17.8.34316.72
MinimumVisualStudioVersion = 10.0.40219.1
Project("{FAE04EC0-301F-11D3-BF4B-00C04F79EFBC}") = "TPExerciceFinal", "TPExerciceFinal\TPExerciceFinal.csproj", "{D458CDE0-F890-493E-84A1-94AF80D921FF}"
EndProject
Project("{FAE04EC0-301F-11D3-BF4B-00C04F79EFBC}") = "Entities", "Entities\Entities.csproj", "{31F49A3E-408A-4D39-9022-7107AF28549D}"
EndProject
Global
	GlobalSection(SolutionConfigurationPlatforms) = preSolution
		Debug|Any CPU = Debug|Any CPU
		Release|Any CPU = Release|Any CPU
	EndGlobalSection
	GlobalSection(ProjectConfigurationPlatforms) = postSolution
		{D458CDE0-F890-493E-84A1-94AF80D921FF}.Debug|Any CPU.ActiveCfg = Debug|Any CPU
		{D458CDE0-F890-493E-84A1-94AF80D921FF}.Debug|Any CPU.Build.0 = Debug|Any CPU
		{D458CDE0-F890-493E-84A1-94AF80D921FF}.Release|Any CPU.ActiveCfg = Release|Any CPU
		{D458CDE0-F890-493E-84A1-94AF80D921FF}.Release|Any CPU.Build.0 = Release|Any CPU
		{31F49A3E-408A-4D39-9022-7107AF28549D}.Debug|Any CPU.ActiveCfg = Debug|Any CPU
		{31F49A3E-408A-4D39-9022-7107AF28549D}.Debug|Any CPU.Build.0 = Debug|Any CPU
		{31F49A3E-408A-4D39-9022-7107AF28549D}.Release|Any CPU.ActiveCfg = Release|Any CPU
		{31F49A3E-408A-4D39-9022-7107AF28549D}.Release|Any CPU.Build.0 = Release|Any CPU
	EndGlobalSection
	GlobalSection(SolutionProperties) = preSolution
		HideSolutionNode = FALSE
	EndGlobalSection
	GlobalSection(ExtensibilityGlobals) = postSolution
		SolutionGuid = {74E7D380-5D19-4E7F-8171-0BA75AB1D319}
	EndGlobalSection
EndGlobal
